// !$*UTF8*$!
{
	archiveVersion = 1;
	classes = {
	};
	objectVersion = 56;
	objects = {

/* Begin PBXBuildFile section */
		D342121B2BC4614D00F17838 /* UIColorExtension.swift in Sources */ = {isa = PBXBuildFile; fileRef = D342121A2BC4614D00F17838 /* UIColorExtension.swift */; };
		D342121E2BC464A000F17838 /* SupportTableController.swift in Sources */ = {isa = PBXBuildFile; fileRef = D342121D2BC464A000F17838 /* SupportTableController.swift */; };
		D34212202BC4652100F17838 /* SupportChatController.swift in Sources */ = {isa = PBXBuildFile; fileRef = D342121F2BC4652100F17838 /* SupportChatController.swift */; };
		D34212232BC4658800F17838 /* ChatFirebaseService.swift in Sources */ = {isa = PBXBuildFile; fileRef = D34212222BC4658800F17838 /* ChatFirebaseService.swift */; };
		D34212262BC465C900F17838 /* ChatModel.swift in Sources */ = {isa = PBXBuildFile; fileRef = D34212252BC465C900F17838 /* ChatModel.swift */; };
		D34212292BC4661400F17838 /* SupportTableCell.swift in Sources */ = {isa = PBXBuildFile; fileRef = D34212282BC4661400F17838 /* SupportTableCell.swift */; };
		D342122C2BC4663700F17838 /* CameraInputBarAccessoryViewDelegate.swift in Sources */ = {isa = PBXBuildFile; fileRef = D342122B2BC4663700F17838 /* CameraInputBarAccessoryViewDelegate.swift */; };
		D342122E2BC466AA00F17838 /* ColorManager.swift in Sources */ = {isa = PBXBuildFile; fileRef = D342122D2BC466AA00F17838 /* ColorManager.swift */; };
		D34212312BC4674600F17838 /* MessageKit in Frameworks */ = {isa = PBXBuildFile; productRef = D34212302BC4674600F17838 /* MessageKit */; };
		D34212342BC467C200F17838 /* SDWebImage in Frameworks */ = {isa = PBXBuildFile; productRef = D34212332BC467C200F17838 /* SDWebImage */; };
		D34212372BC4681D00F17838 /* NVActivityIndicatorView in Frameworks */ = {isa = PBXBuildFile; productRef = D34212362BC4681D00F17838 /* NVActivityIndicatorView */; };
		D342123A2BC46AFA00F17838 /* FirebaseAuth in Frameworks */ = {isa = PBXBuildFile; productRef = D34212392BC46AFA00F17838 /* FirebaseAuth */; };
		D37B4E902B79D46600C52ACA /* TabBarController.swift in Sources */ = {isa = PBXBuildFile; fileRef = D37B4E8F2B79D46600C52ACA /* TabBarController.swift */; };
		D3AF3E382B72A3D800344792 /* AppDelegate.swift in Sources */ = {isa = PBXBuildFile; fileRef = D3AF3E372B72A3D800344792 /* AppDelegate.swift */; };
		D3AF3E3A2B72A3D800344792 /* SceneDelegate.swift in Sources */ = {isa = PBXBuildFile; fileRef = D3AF3E392B72A3D800344792 /* SceneDelegate.swift */; };
		D3AF3E3C2B72A3D800344792 /* AddProductController.swift in Sources */ = {isa = PBXBuildFile; fileRef = D3AF3E3B2B72A3D800344792 /* AddProductController.swift */; };
		D3AF3E412B72A3DA00344792 /* Assets.xcassets in Resources */ = {isa = PBXBuildFile; fileRef = D3AF3E402B72A3DA00344792 /* Assets.xcassets */; };
		D3AF3E442B72A3DA00344792 /* LaunchScreen.storyboard in Resources */ = {isa = PBXBuildFile; fileRef = D3AF3E422B72A3DA00344792 /* LaunchScreen.storyboard */; };
		D3AF3E502B72C2CF00344792 /* UIStackViewExtension.swift in Sources */ = {isa = PBXBuildFile; fileRef = D3AF3E4F2B72C2CF00344792 /* UIStackViewExtension.swift */; };
		D3F0976B2B822C2200668265 /* OrderViewController.swift in Sources */ = {isa = PBXBuildFile; fileRef = D3F0976A2B822C2200668265 /* OrderViewController.swift */; };
		D3F0976E2B823DD900668265 /* OrderCell.swift in Sources */ = {isa = PBXBuildFile; fileRef = D3F0976D2B823DD900668265 /* OrderCell.swift */; };
		D3F097732B824BE800668265 /* OrderDescriptionViewController.swift in Sources */ = {isa = PBXBuildFile; fileRef = D3F097722B824BE800668265 /* OrderDescriptionViewController.swift */; };
		D3F390882B7798E2000D8877 /* GoogleService-Info.plist in Resources */ = {isa = PBXBuildFile; fileRef = D3F390872B7798E2000D8877 /* GoogleService-Info.plist */; };
		D3F3908C2B779A56000D8877 /* SnapKit in Frameworks */ = {isa = PBXBuildFile; productRef = D3F3908B2B779A56000D8877 /* SnapKit */; };
		D3F3908F2B779A89000D8877 /* FirebaseDatabase in Frameworks */ = {isa = PBXBuildFile; productRef = D3F3908E2B779A89000D8877 /* FirebaseDatabase */; };
		D3F390912B779A89000D8877 /* FirebaseFirestore in Frameworks */ = {isa = PBXBuildFile; productRef = D3F390902B779A89000D8877 /* FirebaseFirestore */; };
		D3F390932B779A89000D8877 /* FirebaseStorage in Frameworks */ = {isa = PBXBuildFile; productRef = D3F390922B779A89000D8877 /* FirebaseStorage */; };
		D3F4C7762B852D0900CBEC8A /* OrderDescriptionCell.swift in Sources */ = {isa = PBXBuildFile; fileRef = D3F4C7752B852D0900CBEC8A /* OrderDescriptionCell.swift */; };
/* End PBXBuildFile section */

/* Begin PBXFileReference section */
		D342121A2BC4614D00F17838 /* UIColorExtension.swift */ = {isa = PBXFileReference; lastKnownFileType = sourcecode.swift; path = UIColorExtension.swift; sourceTree = "<group>"; };
		D342121D2BC464A000F17838 /* SupportTableController.swift */ = {isa = PBXFileReference; lastKnownFileType = sourcecode.swift; path = SupportTableController.swift; sourceTree = "<group>"; };
		D342121F2BC4652100F17838 /* SupportChatController.swift */ = {isa = PBXFileReference; lastKnownFileType = sourcecode.swift; path = SupportChatController.swift; sourceTree = "<group>"; };
		D34212222BC4658800F17838 /* ChatFirebaseService.swift */ = {isa = PBXFileReference; lastKnownFileType = sourcecode.swift; path = ChatFirebaseService.swift; sourceTree = "<group>"; };
		D34212252BC465C900F17838 /* ChatModel.swift */ = {isa = PBXFileReference; lastKnownFileType = sourcecode.swift; path = ChatModel.swift; sourceTree = "<group>"; };
		D34212282BC4661400F17838 /* SupportTableCell.swift */ = {isa = PBXFileReference; lastKnownFileType = sourcecode.swift; path = SupportTableCell.swift; sourceTree = "<group>"; };
		D342122B2BC4663700F17838 /* CameraInputBarAccessoryViewDelegate.swift */ = {isa = PBXFileReference; lastKnownFileType = sourcecode.swift; path = CameraInputBarAccessoryViewDelegate.swift; sourceTree = "<group>"; };
		D342122D2BC466AA00F17838 /* ColorManager.swift */ = {isa = PBXFileReference; lastKnownFileType = sourcecode.swift; path = ColorManager.swift; sourceTree = "<group>"; };
		D37B4E8F2B79D46600C52ACA /* TabBarController.swift */ = {isa = PBXFileReference; lastKnownFileType = sourcecode.swift; path = TabBarController.swift; sourceTree = "<group>"; };
		D3AF3E342B72A3D800344792 /* TaiQazan_Admin.app */ = {isa = PBXFileReference; explicitFileType = wrapper.application; includeInIndex = 0; path = TaiQazan_Admin.app; sourceTree = BUILT_PRODUCTS_DIR; };
		D3AF3E372B72A3D800344792 /* AppDelegate.swift */ = {isa = PBXFileReference; lastKnownFileType = sourcecode.swift; path = AppDelegate.swift; sourceTree = "<group>"; };
		D3AF3E392B72A3D800344792 /* SceneDelegate.swift */ = {isa = PBXFileReference; lastKnownFileType = sourcecode.swift; path = SceneDelegate.swift; sourceTree = "<group>"; };
		D3AF3E3B2B72A3D800344792 /* AddProductController.swift */ = {isa = PBXFileReference; lastKnownFileType = sourcecode.swift; path = AddProductController.swift; sourceTree = "<group>"; };
		D3AF3E402B72A3DA00344792 /* Assets.xcassets */ = {isa = PBXFileReference; lastKnownFileType = folder.assetcatalog; path = Assets.xcassets; sourceTree = "<group>"; };
		D3AF3E432B72A3DA00344792 /* Base */ = {isa = PBXFileReference; lastKnownFileType = file.storyboard; name = Base; path = Base.lproj/LaunchScreen.storyboard; sourceTree = "<group>"; };
		D3AF3E452B72A3DA00344792 /* Info.plist */ = {isa = PBXFileReference; lastKnownFileType = text.plist.xml; path = Info.plist; sourceTree = "<group>"; };
		D3AF3E4F2B72C2CF00344792 /* UIStackViewExtension.swift */ = {isa = PBXFileReference; lastKnownFileType = sourcecode.swift; path = UIStackViewExtension.swift; sourceTree = "<group>"; };
		D3F0976A2B822C2200668265 /* OrderViewController.swift */ = {isa = PBXFileReference; lastKnownFileType = sourcecode.swift; path = OrderViewController.swift; sourceTree = "<group>"; };
		D3F0976D2B823DD900668265 /* OrderCell.swift */ = {isa = PBXFileReference; lastKnownFileType = sourcecode.swift; path = OrderCell.swift; sourceTree = "<group>"; };
		D3F097722B824BE800668265 /* OrderDescriptionViewController.swift */ = {isa = PBXFileReference; lastKnownFileType = sourcecode.swift; path = OrderDescriptionViewController.swift; sourceTree = "<group>"; };
		D3F390872B7798E2000D8877 /* GoogleService-Info.plist */ = {isa = PBXFileReference; fileEncoding = 4; lastKnownFileType = text.plist.xml; path = "GoogleService-Info.plist"; sourceTree = "<group>"; };
		D3F4C7752B852D0900CBEC8A /* OrderDescriptionCell.swift */ = {isa = PBXFileReference; lastKnownFileType = sourcecode.swift; path = OrderDescriptionCell.swift; sourceTree = "<group>"; };
/* End PBXFileReference section */

/* Begin PBXFrameworksBuildPhase section */
		D3AF3E312B72A3D800344792 /* Frameworks */ = {
			isa = PBXFrameworksBuildPhase;
			buildActionMask = 2147483647;
			files = (
				D34212342BC467C200F17838 /* SDWebImage in Frameworks */,
				D3F3908F2B779A89000D8877 /* FirebaseDatabase in Frameworks */,
				D34212372BC4681D00F17838 /* NVActivityIndicatorView in Frameworks */,
				D3F390932B779A89000D8877 /* FirebaseStorage in Frameworks */,
				D3F3908C2B779A56000D8877 /* SnapKit in Frameworks */,
				D3F390912B779A89000D8877 /* FirebaseFirestore in Frameworks */,
				D34212312BC4674600F17838 /* MessageKit in Frameworks */,
				D342123A2BC46AFA00F17838 /* FirebaseAuth in Frameworks */,
			);
			runOnlyForDeploymentPostprocessing = 0;
		};
/* End PBXFrameworksBuildPhase section */

/* Begin PBXGroup section */
		D342121C2BC4648500F17838 /* Support */ = {
			isa = PBXGroup;
			children = (
				D342121D2BC464A000F17838 /* SupportTableController.swift */,
				D342121F2BC4652100F17838 /* SupportChatController.swift */,
			);
			path = Support;
			sourceTree = "<group>";
		};
		D34212212BC4657300F17838 /* Service */ = {
			isa = PBXGroup;
			children = (
				D34212222BC4658800F17838 /* ChatFirebaseService.swift */,
			);
			path = Service;
			sourceTree = "<group>";
		};
		D34212242BC465B400F17838 /* Model */ = {
			isa = PBXGroup;
			children = (
				D34212252BC465C900F17838 /* ChatModel.swift */,
			);
			path = Model;
			sourceTree = "<group>";
		};
		D34212272BC465FF00F17838 /* Support */ = {
			isa = PBXGroup;
			children = (
				D34212282BC4661400F17838 /* SupportTableCell.swift */,
				D342122B2BC4663700F17838 /* CameraInputBarAccessoryViewDelegate.swift */,
			);
			path = Support;
			sourceTree = "<group>";
		};
		D34212382BC46AFA00F17838 /* Frameworks */ = {
			isa = PBXGroup;
			children = (
			);
			name = Frameworks;
			sourceTree = "<group>";
		};
		D37B4E8E2B79D3E200C52ACA /* Controller */ = {
			isa = PBXGroup;
			children = (
				D342121C2BC4648500F17838 /* Support */,
				D3F097702B824B9400668265 /* Main */,
				D3F0976F2B824B6C00668265 /* Orders */,
				D37B4E8F2B79D46600C52ACA /* TabBarController.swift */,
			);
			path = Controller;
			sourceTree = "<group>";
		};
		D3AF3E2B2B72A3D800344792 = {
			isa = PBXGroup;
			children = (
				D3AF3E362B72A3D800344792 /* TaiQazan_Admin */,
				D3AF3E352B72A3D800344792 /* Products */,
				D34212382BC46AFA00F17838 /* Frameworks */,
			);
			sourceTree = "<group>";
		};
		D3AF3E352B72A3D800344792 /* Products */ = {
			isa = PBXGroup;
			children = (
				D3AF3E342B72A3D800344792 /* TaiQazan_Admin.app */,
			);
			name = Products;
			sourceTree = "<group>";
		};
		D3AF3E362B72A3D800344792 /* TaiQazan_Admin */ = {
			isa = PBXGroup;
			children = (
				D34212212BC4657300F17838 /* Service */,
				D34212242BC465B400F17838 /* Model */,
				D3F0976C2B823DA300668265 /* View */,
				D37B4E8E2B79D3E200C52ACA /* Controller */,
				D3AF3E4E2B72C28C00344792 /* Helpers */,
				D3AF3E372B72A3D800344792 /* AppDelegate.swift */,
				D3AF3E392B72A3D800344792 /* SceneDelegate.swift */,
				D3AF3E402B72A3DA00344792 /* Assets.xcassets */,
				D3AF3E422B72A3DA00344792 /* LaunchScreen.storyboard */,
				D3AF3E452B72A3DA00344792 /* Info.plist */,
				D3F390872B7798E2000D8877 /* GoogleService-Info.plist */,
			);
			path = TaiQazan_Admin;
			sourceTree = "<group>";
		};
		D3AF3E4E2B72C28C00344792 /* Helpers */ = {
			isa = PBXGroup;
			children = (
				D3AF3E4F2B72C2CF00344792 /* UIStackViewExtension.swift */,
				D342121A2BC4614D00F17838 /* UIColorExtension.swift */,
				D342122D2BC466AA00F17838 /* ColorManager.swift */,
			);
			path = Helpers;
			sourceTree = "<group>";
		};
		D3F0976C2B823DA300668265 /* View */ = {
			isa = PBXGroup;
			children = (
				D34212272BC465FF00F17838 /* Support */,
				D3F097742B824CE800668265 /* Orders */,
			);
			path = View;
			sourceTree = "<group>";
		};
		D3F0976F2B824B6C00668265 /* Orders */ = {
			isa = PBXGroup;
			children = (
				D3F0976A2B822C2200668265 /* OrderViewController.swift */,
				D3F097722B824BE800668265 /* OrderDescriptionViewController.swift */,
			);
			path = Orders;
			sourceTree = "<group>";
		};
		D3F097702B824B9400668265 /* Main */ = {
			isa = PBXGroup;
			children = (
				D3AF3E3B2B72A3D800344792 /* AddProductController.swift */,
			);
			path = Main;
			sourceTree = "<group>";
		};
		D3F097742B824CE800668265 /* Orders */ = {
			isa = PBXGroup;
			children = (
				D3F0976D2B823DD900668265 /* OrderCell.swift */,
				D3F4C7752B852D0900CBEC8A /* OrderDescriptionCell.swift */,
			);
			path = Orders;
			sourceTree = "<group>";
		};
/* End PBXGroup section */

/* Begin PBXNativeTarget section */
		D3AF3E332B72A3D800344792 /* TaiQazan_Admin */ = {
			isa = PBXNativeTarget;
			buildConfigurationList = D3AF3E482B72A3DA00344792 /* Build configuration list for PBXNativeTarget "TaiQazan_Admin" */;
			buildPhases = (
				D3AF3E302B72A3D800344792 /* Sources */,
				D3AF3E312B72A3D800344792 /* Frameworks */,
				D3AF3E322B72A3D800344792 /* Resources */,
			);
			buildRules = (
			);
			dependencies = (
			);
			name = TaiQazan_Admin;
			packageProductDependencies = (
				D3F3908B2B779A56000D8877 /* SnapKit */,
				D3F3908E2B779A89000D8877 /* FirebaseDatabase */,
				D3F390902B779A89000D8877 /* FirebaseFirestore */,
				D3F390922B779A89000D8877 /* FirebaseStorage */,
				D34212302BC4674600F17838 /* MessageKit */,
				D34212332BC467C200F17838 /* SDWebImage */,
				D34212362BC4681D00F17838 /* NVActivityIndicatorView */,
				D34212392BC46AFA00F17838 /* FirebaseAuth */,
			);
			productName = TaiQazan_Admin;
			productReference = D3AF3E342B72A3D800344792 /* TaiQazan_Admin.app */;
			productType = "com.apple.product-type.application";
		};
/* End PBXNativeTarget section */

/* Begin PBXProject section */
		D3AF3E2C2B72A3D800344792 /* Project object */ = {
			isa = PBXProject;
			attributes = {
				BuildIndependentTargetsInParallel = 1;
				LastSwiftUpdateCheck = 1430;
				LastUpgradeCheck = 1430;
				TargetAttributes = {
					D3AF3E332B72A3D800344792 = {
						CreatedOnToolsVersion = 14.3.1;
					};
				};
			};
			buildConfigurationList = D3AF3E2F2B72A3D800344792 /* Build configuration list for PBXProject "TaiQazan_Admin" */;
			compatibilityVersion = "Xcode 14.0";
			developmentRegion = en;
			hasScannedForEncodings = 0;
			knownRegions = (
				en,
				Base,
			);
			mainGroup = D3AF3E2B2B72A3D800344792;
			packageReferences = (
				D3F3908A2B779A56000D8877 /* XCRemoteSwiftPackageReference "SnapKit" */,
				D3F3908D2B779A89000D8877 /* XCRemoteSwiftPackageReference "firebase-ios-sdk" */,
				D342122F2BC4674600F17838 /* XCRemoteSwiftPackageReference "MessageKit" */,
				D34212322BC467C200F17838 /* XCRemoteSwiftPackageReference "SDWebImage" */,
				D34212352BC4681D00F17838 /* XCRemoteSwiftPackageReference "NVActivityIndicatorView" */,
			);
			productRefGroup = D3AF3E352B72A3D800344792 /* Products */;
			projectDirPath = "";
			projectRoot = "";
			targets = (
				D3AF3E332B72A3D800344792 /* TaiQazan_Admin */,
			);
		};
/* End PBXProject section */

/* Begin PBXResourcesBuildPhase section */
		D3AF3E322B72A3D800344792 /* Resources */ = {
			isa = PBXResourcesBuildPhase;
			buildActionMask = 2147483647;
			files = (
				D3AF3E442B72A3DA00344792 /* LaunchScreen.storyboard in Resources */,
				D3F390882B7798E2000D8877 /* GoogleService-Info.plist in Resources */,
				D3AF3E412B72A3DA00344792 /* Assets.xcassets in Resources */,
			);
			runOnlyForDeploymentPostprocessing = 0;
		};
/* End PBXResourcesBuildPhase section */

/* Begin PBXSourcesBuildPhase section */
		D3AF3E302B72A3D800344792 /* Sources */ = {
			isa = PBXSourcesBuildPhase;
			buildActionMask = 2147483647;
			files = (
				D34212232BC4658800F17838 /* ChatFirebaseService.swift in Sources */,
				D3AF3E3C2B72A3D800344792 /* AddProductController.swift in Sources */,
				D3AF3E502B72C2CF00344792 /* UIStackViewExtension.swift in Sources */,
				D3AF3E382B72A3D800344792 /* AppDelegate.swift in Sources */,
				D3F0976B2B822C2200668265 /* OrderViewController.swift in Sources */,
				D34212262BC465C900F17838 /* ChatModel.swift in Sources */,
				D34212292BC4661400F17838 /* SupportTableCell.swift in Sources */,
				D342121E2BC464A000F17838 /* SupportTableController.swift in Sources */,
				D342122E2BC466AA00F17838 /* ColorManager.swift in Sources */,
				D37B4E902B79D46600C52ACA /* TabBarController.swift in Sources */,
				D3F097732B824BE800668265 /* OrderDescriptionViewController.swift in Sources */,
				D3F0976E2B823DD900668265 /* OrderCell.swift in Sources */,
				D342121B2BC4614D00F17838 /* UIColorExtension.swift in Sources */,
				D3AF3E3A2B72A3D800344792 /* SceneDelegate.swift in Sources */,
				D3F4C7762B852D0900CBEC8A /* OrderDescriptionCell.swift in Sources */,
				D34212202BC4652100F17838 /* SupportChatController.swift in Sources */,
				D342122C2BC4663700F17838 /* CameraInputBarAccessoryViewDelegate.swift in Sources */,
			);
			runOnlyForDeploymentPostprocessing = 0;
		};
/* End PBXSourcesBuildPhase section */

/* Begin PBXVariantGroup section */
		D3AF3E422B72A3DA00344792 /* LaunchScreen.storyboard */ = {
			isa = PBXVariantGroup;
			children = (
				D3AF3E432B72A3DA00344792 /* Base */,
			);
			name = LaunchScreen.storyboard;
			sourceTree = "<group>";
		};
/* End PBXVariantGroup section */

/* Begin XCBuildConfiguration section */
		D3AF3E462B72A3DA00344792 /* Debug */ = {
			isa = XCBuildConfiguration;
			buildSettings = {
				ALWAYS_SEARCH_USER_PATHS = NO;
				CLANG_ANALYZER_NONNULL = YES;
				CLANG_ANALYZER_NUMBER_OBJECT_CONVERSION = YES_AGGRESSIVE;
				CLANG_CXX_LANGUAGE_STANDARD = "gnu++20";
				CLANG_ENABLE_MODULES = YES;
				CLANG_ENABLE_OBJC_ARC = YES;
				CLANG_ENABLE_OBJC_WEAK = YES;
				CLANG_WARN_BLOCK_CAPTURE_AUTORELEASING = YES;
				CLANG_WARN_BOOL_CONVERSION = YES;
				CLANG_WARN_COMMA = YES;
				CLANG_WARN_CONSTANT_CONVERSION = YES;
				CLANG_WARN_DEPRECATED_OBJC_IMPLEMENTATIONS = YES;
				CLANG_WARN_DIRECT_OBJC_ISA_USAGE = YES_ERROR;
				CLANG_WARN_DOCUMENTATION_COMMENTS = YES;
				CLANG_WARN_EMPTY_BODY = YES;
				CLANG_WARN_ENUM_CONVERSION = YES;
				CLANG_WARN_INFINITE_RECURSION = YES;
				CLANG_WARN_INT_CONVERSION = YES;
				CLANG_WARN_NON_LITERAL_NULL_CONVERSION = YES;
				CLANG_WARN_OBJC_IMPLICIT_RETAIN_SELF = YES;
				CLANG_WARN_OBJC_LITERAL_CONVERSION = YES;
				CLANG_WARN_OBJC_ROOT_CLASS = YES_ERROR;
				CLANG_WARN_QUOTED_INCLUDE_IN_FRAMEWORK_HEADER = YES;
				CLANG_WARN_RANGE_LOOP_ANALYSIS = YES;
				CLANG_WARN_STRICT_PROTOTYPES = YES;
				CLANG_WARN_SUSPICIOUS_MOVE = YES;
				CLANG_WARN_UNGUARDED_AVAILABILITY = YES_AGGRESSIVE;
				CLANG_WARN_UNREACHABLE_CODE = YES;
				CLANG_WARN__DUPLICATE_METHOD_MATCH = YES;
				COPY_PHASE_STRIP = NO;
				DEBUG_INFORMATION_FORMAT = dwarf;
				ENABLE_STRICT_OBJC_MSGSEND = YES;
				ENABLE_TESTABILITY = YES;
				GCC_C_LANGUAGE_STANDARD = gnu11;
				GCC_DYNAMIC_NO_PIC = NO;
				GCC_NO_COMMON_BLOCKS = YES;
				GCC_OPTIMIZATION_LEVEL = 0;
				GCC_PREPROCESSOR_DEFINITIONS = (
					"DEBUG=1",
					"$(inherited)",
				);
				GCC_WARN_64_TO_32_BIT_CONVERSION = YES;
				GCC_WARN_ABOUT_RETURN_TYPE = YES_ERROR;
				GCC_WARN_UNDECLARED_SELECTOR = YES;
				GCC_WARN_UNINITIALIZED_AUTOS = YES_AGGRESSIVE;
				GCC_WARN_UNUSED_FUNCTION = YES;
				GCC_WARN_UNUSED_VARIABLE = YES;
				IPHONEOS_DEPLOYMENT_TARGET = 16.4;
				MTL_ENABLE_DEBUG_INFO = INCLUDE_SOURCE;
				MTL_FAST_MATH = YES;
				ONLY_ACTIVE_ARCH = YES;
				SDKROOT = iphoneos;
				SWIFT_ACTIVE_COMPILATION_CONDITIONS = DEBUG;
				SWIFT_OPTIMIZATION_LEVEL = "-Onone";
			};
			name = Debug;
		};
		D3AF3E472B72A3DA00344792 /* Release */ = {
			isa = XCBuildConfiguration;
			buildSettings = {
				ALWAYS_SEARCH_USER_PATHS = NO;
				CLANG_ANALYZER_NONNULL = YES;
				CLANG_ANALYZER_NUMBER_OBJECT_CONVERSION = YES_AGGRESSIVE;
				CLANG_CXX_LANGUAGE_STANDARD = "gnu++20";
				CLANG_ENABLE_MODULES = YES;
				CLANG_ENABLE_OBJC_ARC = YES;
				CLANG_ENABLE_OBJC_WEAK = YES;
				CLANG_WARN_BLOCK_CAPTURE_AUTORELEASING = YES;
				CLANG_WARN_BOOL_CONVERSION = YES;
				CLANG_WARN_COMMA = YES;
				CLANG_WARN_CONSTANT_CONVERSION = YES;
				CLANG_WARN_DEPRECATED_OBJC_IMPLEMENTATIONS = YES;
				CLANG_WARN_DIRECT_OBJC_ISA_USAGE = YES_ERROR;
				CLANG_WARN_DOCUMENTATION_COMMENTS = YES;
				CLANG_WARN_EMPTY_BODY = YES;
				CLANG_WARN_ENUM_CONVERSION = YES;
				CLANG_WARN_INFINITE_RECURSION = YES;
				CLANG_WARN_INT_CONVERSION = YES;
				CLANG_WARN_NON_LITERAL_NULL_CONVERSION = YES;
				CLANG_WARN_OBJC_IMPLICIT_RETAIN_SELF = YES;
				CLANG_WARN_OBJC_LITERAL_CONVERSION = YES;
				CLANG_WARN_OBJC_ROOT_CLASS = YES_ERROR;
				CLANG_WARN_QUOTED_INCLUDE_IN_FRAMEWORK_HEADER = YES;
				CLANG_WARN_RANGE_LOOP_ANALYSIS = YES;
				CLANG_WARN_STRICT_PROTOTYPES = YES;
				CLANG_WARN_SUSPICIOUS_MOVE = YES;
				CLANG_WARN_UNGUARDED_AVAILABILITY = YES_AGGRESSIVE;
				CLANG_WARN_UNREACHABLE_CODE = YES;
				CLANG_WARN__DUPLICATE_METHOD_MATCH = YES;
				COPY_PHASE_STRIP = NO;
				DEBUG_INFORMATION_FORMAT = "dwarf-with-dsym";
				ENABLE_NS_ASSERTIONS = NO;
				ENABLE_STRICT_OBJC_MSGSEND = YES;
				GCC_C_LANGUAGE_STANDARD = gnu11;
				GCC_NO_COMMON_BLOCKS = YES;
				GCC_WARN_64_TO_32_BIT_CONVERSION = YES;
				GCC_WARN_ABOUT_RETURN_TYPE = YES_ERROR;
				GCC_WARN_UNDECLARED_SELECTOR = YES;
				GCC_WARN_UNINITIALIZED_AUTOS = YES_AGGRESSIVE;
				GCC_WARN_UNUSED_FUNCTION = YES;
				GCC_WARN_UNUSED_VARIABLE = YES;
				IPHONEOS_DEPLOYMENT_TARGET = 16.4;
				MTL_ENABLE_DEBUG_INFO = NO;
				MTL_FAST_MATH = YES;
				SDKROOT = iphoneos;
				SWIFT_COMPILATION_MODE = wholemodule;
				SWIFT_OPTIMIZATION_LEVEL = "-O";
				VALIDATE_PRODUCT = YES;
			};
			name = Release;
		};
		D3AF3E492B72A3DA00344792 /* Debug */ = {
			isa = XCBuildConfiguration;
			buildSettings = {
				ASSETCATALOG_COMPILER_APPICON_NAME = AppIcon;
				ASSETCATALOG_COMPILER_GLOBAL_ACCENT_COLOR_NAME = AccentColor;
				CODE_SIGN_STYLE = Automatic;
				CURRENT_PROJECT_VERSION = 1;
				DEVELOPMENT_TEAM = Z5SFGB2TLJ;
				GENERATE_INFOPLIST_FILE = YES;
				INFOPLIST_FILE = TaiQazan_Admin/Info.plist;
				INFOPLIST_KEY_UIApplicationSupportsIndirectInputEvents = YES;
				INFOPLIST_KEY_UILaunchStoryboardName = LaunchScreen;
				INFOPLIST_KEY_UISupportedInterfaceOrientations_iPad = "UIInterfaceOrientationPortrait UIInterfaceOrientationPortraitUpsideDown UIInterfaceOrientationLandscapeLeft UIInterfaceOrientationLandscapeRight";
				INFOPLIST_KEY_UISupportedInterfaceOrientations_iPhone = "UIInterfaceOrientationPortrait UIInterfaceOrientationLandscapeLeft UIInterfaceOrientationLandscapeRight";
				IPHONEOS_DEPLOYMENT_TARGET = 16.0;
				LD_RUNPATH_SEARCH_PATHS = (
					"$(inherited)",
					"@executable_path/Frameworks",
				);
				MARKETING_VERSION = 1.0;
				PRODUCT_BUNDLE_IDENTIFIER = "farabiisa.TaiQazan-Admin";
				PRODUCT_NAME = "$(TARGET_NAME)";
				SWIFT_EMIT_LOC_STRINGS = YES;
				SWIFT_VERSION = 5.0;
				TARGETED_DEVICE_FAMILY = "1,2";
			};
			name = Debug;
		};
		D3AF3E4A2B72A3DA00344792 /* Release */ = {
			isa = XCBuildConfiguration;
			buildSettings = {
				ASSETCATALOG_COMPILER_APPICON_NAME = AppIcon;
				ASSETCATALOG_COMPILER_GLOBAL_ACCENT_COLOR_NAME = AccentColor;
				CODE_SIGN_STYLE = Automatic;
				CURRENT_PROJECT_VERSION = 1;
				DEVELOPMENT_TEAM = Z5SFGB2TLJ;
				GENERATE_INFOPLIST_FILE = YES;
				INFOPLIST_FILE = TaiQazan_Admin/Info.plist;
				INFOPLIST_KEY_UIApplicationSupportsIndirectInputEvents = YES;
				INFOPLIST_KEY_UILaunchStoryboardName = LaunchScreen;
				INFOPLIST_KEY_UISupportedInterfaceOrientations_iPad = "UIInterfaceOrientationPortrait UIInterfaceOrientationPortraitUpsideDown UIInterfaceOrientationLandscapeLeft UIInterfaceOrientationLandscapeRight";
				INFOPLIST_KEY_UISupportedInterfaceOrientations_iPhone = "UIInterfaceOrientationPortrait UIInterfaceOrientationLandscapeLeft UIInterfaceOrientationLandscapeRight";
				IPHONEOS_DEPLOYMENT_TARGET = 16.0;
				LD_RUNPATH_SEARCH_PATHS = (
					"$(inherited)",
					"@executable_path/Frameworks",
				);
				MARKETING_VERSION = 1.0;
				PRODUCT_BUNDLE_IDENTIFIER = "farabiisa.TaiQazan-Admin";
				PRODUCT_NAME = "$(TARGET_NAME)";
				SWIFT_EMIT_LOC_STRINGS = YES;
				SWIFT_VERSION = 5.0;
				TARGETED_DEVICE_FAMILY = "1,2";
			};
			name = Release;
		};
/* End XCBuildConfiguration section */

/* Begin XCConfigurationList section */
		D3AF3E2F2B72A3D800344792 /* Build configuration list for PBXProject "TaiQazan_Admin" */ = {
			isa = XCConfigurationList;
			buildConfigurations = (
				D3AF3E462B72A3DA00344792 /* Debug */,
				D3AF3E472B72A3DA00344792 /* Release */,
			);
			defaultConfigurationIsVisible = 0;
			defaultConfigurationName = Release;
		};
		D3AF3E482B72A3DA00344792 /* Build configuration list for PBXNativeTarget "TaiQazan_Admin" */ = {
			isa = XCConfigurationList;
			buildConfigurations = (
				D3AF3E492B72A3DA00344792 /* Debug */,
				D3AF3E4A2B72A3DA00344792 /* Release */,
			);
			defaultConfigurationIsVisible = 0;
			defaultConfigurationName = Release;
		};
/* End XCConfigurationList section */

/* Begin XCRemoteSwiftPackageReference section */
		D342122F2BC4674600F17838 /* XCRemoteSwiftPackageReference "MessageKit" */ = {
			isa = XCRemoteSwiftPackageReference;
			repositoryURL = "https://github.com/MessageKit/MessageKit";
			requirement = {
				kind = upToNextMajorVersion;
				minimumVersion = 4.0.0;
			};
		};
		D34212322BC467C200F17838 /* XCRemoteSwiftPackageReference "SDWebImage" */ = {
			isa = XCRemoteSwiftPackageReference;
			repositoryURL = "https://github.com/SDWebImage/SDWebImage.git";
			requirement = {
				kind = upToNextMajorVersion;
				minimumVersion = 5.0.0;
			};
		};
		D34212352BC4681D00F17838 /* XCRemoteSwiftPackageReference "NVActivityIndicatorView" */ = {
			isa = XCRemoteSwiftPackageReference;
			repositoryURL = "https://github.com/ninjaprox/NVActivityIndicatorView.git";
			requirement = {
				kind = upToNextMajorVersion;
				minimumVersion = 5.0.0;
			};
		};
		D3F3908A2B779A56000D8877 /* XCRemoteSwiftPackageReference "SnapKit" */ = {
			isa = XCRemoteSwiftPackageReference;
			repositoryURL = "https://github.com/SnapKit/SnapKit";
			requirement = {
				kind = upToNextMajorVersion;
				minimumVersion = 5.0.0;
			};
		};
		D3F3908D2B779A89000D8877 /* XCRemoteSwiftPackageReference "firebase-ios-sdk" */ = {
			isa = XCRemoteSwiftPackageReference;
			repositoryURL = "https://github.com/firebase/firebase-ios-sdk";
			requirement = {
				kind = upToNextMajorVersion;
				minimumVersion = 10.0.0;
			};
		};
/* End XCRemoteSwiftPackageReference section */

/* Begin XCSwiftPackageProductDependency section */
		D34212302BC4674600F17838 /* MessageKit */ = {
			isa = XCSwiftPackageProductDependency;
			package = D342122F2BC4674600F17838 /* XCRemoteSwiftPackageReference "MessageKit" */;
			productName = MessageKit;
		};
		D34212332BC467C200F17838 /* SDWebImage */ = {
			isa = XCSwiftPackageProductDependency;
			package = D34212322BC467C200F17838 /* XCRemoteSwiftPackageReference "SDWebImage" */;
			productName = SDWebImage;
		};
		D34212362BC4681D00F17838 /* NVActivityIndicatorView */ = {
			isa = XCSwiftPackageProductDependency;
			package = D34212352BC4681D00F17838 /* XCRemoteSwiftPackageReference "NVActivityIndicatorView" */;
			productName = NVActivityIndicatorView;
		};
		D34212392BC46AFA00F17838 /* FirebaseAuth */ = {
			isa = XCSwiftPackageProductDependency;
			package = D3F3908D2B779A89000D8877 /* XCRemoteSwiftPackageReference "firebase-ios-sdk" */;
			productName = FirebaseAuth;
		};
		D3F3908B2B779A56000D8877 /* SnapKit */ = {
			isa = XCSwiftPackageProductDependency;
			package = D3F3908A2B779A56000D8877 /* XCRemoteSwiftPackageReference "SnapKit" */;
			productName = SnapKit;
		};
		D3F3908E2B779A89000D8877 /* FirebaseDatabase */ = {
			isa = XCSwiftPackageProductDependency;
			package = D3F3908D2B779A89000D8877 /* XCRemoteSwiftPackageReference "firebase-ios-sdk" */;
			productName = FirebaseDatabase;
		};
		D3F390902B779A89000D8877 /* FirebaseFirestore */ = {
			isa = XCSwiftPackageProductDependency;
			package = D3F3908D2B779A89000D8877 /* XCRemoteSwiftPackageReference "firebase-ios-sdk" */;
			productName = FirebaseFirestore;
		};
		D3F390922B779A89000D8877 /* FirebaseStorage */ = {
			isa = XCSwiftPackageProductDependency;
			package = D3F3908D2B779A89000D8877 /* XCRemoteSwiftPackageReference "firebase-ios-sdk" */;
			productName = FirebaseStorage;
		};
/* End XCSwiftPackageProductDependency section */
	};
	rootObject = D3AF3E2C2B72A3D800344792 /* Project object */;
}
